// !$*UTF8*$!
{
	archiveVersion = 1;
	classes = {
	};
	objectVersion = 56;
	objects = {

/* Begin PBXBuildFile section */
		325567882A99B7160043D600 /* AppDelegate.swift in Sources */ = {isa = PBXBuildFile; fileRef = 325567872A99B7160043D600 /* AppDelegate.swift */; };
		3255678A2A99B7160043D600 /* SceneDelegate.swift in Sources */ = {isa = PBXBuildFile; fileRef = 325567892A99B7160043D600 /* SceneDelegate.swift */; };
		3255678F2A99B7160043D600 /* Main.storyboard in Resources */ = {isa = PBXBuildFile; fileRef = 3255678D2A99B7160043D600 /* Main.storyboard */; };
		325567912A99B7180043D600 /* Assets.xcassets in Resources */ = {isa = PBXBuildFile; fileRef = 325567902A99B7180043D600 /* Assets.xcassets */; };
		325567942A99B7180043D600 /* LaunchScreen.storyboard in Resources */ = {isa = PBXBuildFile; fileRef = 325567922A99B7180043D600 /* LaunchScreen.storyboard */; };
		325567A22A99B8F70043D600 /* GoogleService-Info.plist in Resources */ = {isa = PBXBuildFile; fileRef = 325567A12A99B8F70043D600 /* GoogleService-Info.plist */; };
		325567A52A99B9620043D600 /* FirebaseAnalytics in Frameworks */ = {isa = PBXBuildFile; productRef = 325567A42A99B9620043D600 /* FirebaseAnalytics */; };
		325567A72A99B9620043D600 /* FirebaseDatabase in Frameworks */ = {isa = PBXBuildFile; productRef = 325567A62A99B9620043D600 /* FirebaseDatabase */; };
		325567A92A99B9620043D600 /* FirebaseFirestore in Frameworks */ = {isa = PBXBuildFile; productRef = 325567A82A99B9620043D600 /* FirebaseFirestore */; };
		325567AC2A99C2860043D600 /* MyTableViewController.swift in Sources */ = {isa = PBXBuildFile; fileRef = 325567AB2A99C2860043D600 /* MyTableViewController.swift */; };
		325567AE2A99C2900043D600 /* UserTableViewController.swift in Sources */ = {isa = PBXBuildFile; fileRef = 325567AD2A99C2900043D600 /* UserTableViewController.swift */; };
		325567B02A99C2BC0043D600 /* MyViewController.swift in Sources */ = {isa = PBXBuildFile; fileRef = 325567AF2A99C2BC0043D600 /* MyViewController.swift */; };
		325567B52A99C6F60043D600 /* MyDetailViewController.swift in Sources */ = {isa = PBXBuildFile; fileRef = 325567B42A99C6F60043D600 /* MyDetailViewController.swift */; };
		325567B72A99C7130043D600 /* UserDetailViewController.swift in Sources */ = {isa = PBXBuildFile; fileRef = 325567B62A99C7130043D600 /* UserDetailViewController.swift */; };
		325567BA2A99C7250043D600 /* SettingViewController.swift in Sources */ = {isa = PBXBuildFile; fileRef = 325567B92A99C7250043D600 /* SettingViewController.swift */; };
		325567BD2A99C7540043D600 /* SearchViewController.swift in Sources */ = {isa = PBXBuildFile; fileRef = 325567BC2A99C7540043D600 /* SearchViewController.swift */; };
		325567C12A99C7980043D600 /* UserSharedTableViewController.swift in Sources */ = {isa = PBXBuildFile; fileRef = 325567C02A99C7980043D600 /* UserSharedTableViewController.swift */; };
		325567C32A99C7D30043D600 /* MyAddViewController.swift in Sources */ = {isa = PBXBuildFile; fileRef = 325567C22A99C7D30043D600 /* MyAddViewController.swift */; };
		325567C62A99C85B0043D600 /* TodoListDB_Sqlite.swift in Sources */ = {isa = PBXBuildFile; fileRef = 325567C52A99C85B0043D600 /* TodoListDB_Sqlite.swift */; };
		325567C92A99C8A10043D600 /* TodoList_Firebase.swift in Sources */ = {isa = PBXBuildFile; fileRef = 325567C82A99C8A10043D600 /* TodoList_Firebase.swift */; };
		325567CC2A99C9040043D600 /* TodoList_Sqlite.swift in Sources */ = {isa = PBXBuildFile; fileRef = 325567CB2A99C9040043D600 /* TodoList_Sqlite.swift */; };
		325567CF2A99CD160043D600 /* FirebaseStorage in Frameworks */ = {isa = PBXBuildFile; productRef = 325567CE2A99CD160043D600 /* FirebaseStorage */; };
		325567D12A99CF580043D600 /* UserData_Firebase.swift in Sources */ = {isa = PBXBuildFile; fileRef = 325567D02A99CF580043D600 /* UserData_Firebase.swift */; };
		325567D32A99CFEB0043D600 /* UserData_Sqlite.swift in Sources */ = {isa = PBXBuildFile; fileRef = 325567D22A99CFEB0043D600 /* UserData_Sqlite.swift */; };
		325567D92A9B118C0043D600 /* TodoList_Mysql.swift in Sources */ = {isa = PBXBuildFile; fileRef = 325567D82A9B118C0043D600 /* TodoList_Mysql.swift */; };
		325567DB2A9B11BC0043D600 /* UserData_Mysql.swift in Sources */ = {isa = PBXBuildFile; fileRef = 325567DA2A9B11BC0043D600 /* UserData_Mysql.swift */; };
		32DBD51C2A9C2F1B00015409 /* LoginViewController.swift in Sources */ = {isa = PBXBuildFile; fileRef = 32DBD51B2A9C2F1B00015409 /* LoginViewController.swift */; };
		32DBD51F2A9C2F3200015409 /* RegisterViewController.swift in Sources */ = {isa = PBXBuildFile; fileRef = 32DBD51E2A9C2F3200015409 /* RegisterViewController.swift */; };
		32DBD5212A9C34EA00015409 /* AlertModule.swift in Sources */ = {isa = PBXBuildFile; fileRef = 32DBD5202A9C34EA00015409 /* AlertModule.swift */; };
		32DBD5242A9C492C00015409 /* TodoListDB_MySQL.swift in Sources */ = {isa = PBXBuildFile; fileRef = 32DBD5232A9C492C00015409 /* TodoListDB_MySQL.swift */; };
		32DBD5262A9C4A4400015409 /* MySQL_JSONModel.swift in Sources */ = {isa = PBXBuildFile; fileRef = 32DBD5252A9C4A4400015409 /* MySQL_JSONModel.swift */; };
		32DBD5282A9C652D00015409 /* UserDataDB_MySQL.swift in Sources */ = {isa = PBXBuildFile; fileRef = 32DBD5272A9C652D00015409 /* UserDataDB_MySQL.swift */; };
		32DBD52A2A9C8FFD00015409 /* Message.swift in Sources */ = {isa = PBXBuildFile; fileRef = 32DBD5292A9C8FFD00015409 /* Message.swift */; };
		32DBD52C2A9C914400015409 /* MyTableViewCell.swift in Sources */ = {isa = PBXBuildFile; fileRef = 32DBD52B2A9C914400015409 /* MyTableViewCell.swift */; };
		32DBD52F2A9D1A3500015409 /* UserSharedTableViewCell.swift in Sources */ = {isa = PBXBuildFile; fileRef = 32DBD52E2A9D1A3500015409 /* UserSharedTableViewCell.swift */; };
		32DBD5312A9D1F5900015409 /* UserTableViewCell.swift in Sources */ = {isa = PBXBuildFile; fileRef = 32DBD5302A9D1F5900015409 /* UserTableViewCell.swift */; };
		32DBD5362A9D82E000015409 /* SearchTableViewCell.swift in Sources */ = {isa = PBXBuildFile; fileRef = 32DBD5352A9D82E000015409 /* SearchTableViewCell.swift */; };
		32DBD5382A9DA20900015409 /* MultipartImageControl.swift in Sources */ = {isa = PBXBuildFile; fileRef = 32DBD5372A9DA20900015409 /* MultipartImageControl.swift */; };
		32DBD53A2A9DB6F700015409 /* TodoListDB_Firebase.swift in Sources */ = {isa = PBXBuildFile; fileRef = 32DBD5392A9DB6F700015409 /* TodoListDB_Firebase.swift */; };
		32DBD53C2A9DB9FF00015409 /* Image_Upload_Firebase.swift in Sources */ = {isa = PBXBuildFile; fileRef = 32DBD53B2A9DB9FF00015409 /* Image_Upload_Firebase.swift */; };
/* End PBXBuildFile section */

/* Begin PBXFileReference section */
		325567842A99B7160043D600 /* TodoList_TripleDB.app */ = {isa = PBXFileReference; explicitFileType = wrapper.application; includeInIndex = 0; path = TodoList_TripleDB.app; sourceTree = BUILT_PRODUCTS_DIR; };
		325567872A99B7160043D600 /* AppDelegate.swift */ = {isa = PBXFileReference; lastKnownFileType = sourcecode.swift; path = AppDelegate.swift; sourceTree = "<group>"; };
		325567892A99B7160043D600 /* SceneDelegate.swift */ = {isa = PBXFileReference; lastKnownFileType = sourcecode.swift; path = SceneDelegate.swift; sourceTree = "<group>"; };
		3255678E2A99B7160043D600 /* Base */ = {isa = PBXFileReference; lastKnownFileType = file.storyboard; name = Base; path = Base.lproj/Main.storyboard; sourceTree = "<group>"; };
		325567902A99B7180043D600 /* Assets.xcassets */ = {isa = PBXFileReference; lastKnownFileType = folder.assetcatalog; path = Assets.xcassets; sourceTree = "<group>"; };
		325567932A99B7180043D600 /* Base */ = {isa = PBXFileReference; lastKnownFileType = file.storyboard; name = Base; path = Base.lproj/LaunchScreen.storyboard; sourceTree = "<group>"; };
		325567952A99B7180043D600 /* Info.plist */ = {isa = PBXFileReference; lastKnownFileType = text.plist.xml; path = Info.plist; sourceTree = "<group>"; };
		325567A12A99B8F70043D600 /* GoogleService-Info.plist */ = {isa = PBXFileReference; fileEncoding = 4; lastKnownFileType = text.plist.xml; path = "GoogleService-Info.plist"; sourceTree = "<group>"; };
		325567AB2A99C2860043D600 /* MyTableViewController.swift */ = {isa = PBXFileReference; lastKnownFileType = sourcecode.swift; path = MyTableViewController.swift; sourceTree = "<group>"; };
		325567AD2A99C2900043D600 /* UserTableViewController.swift */ = {isa = PBXFileReference; lastKnownFileType = sourcecode.swift; path = UserTableViewController.swift; sourceTree = "<group>"; };
		325567AF2A99C2BC0043D600 /* MyViewController.swift */ = {isa = PBXFileReference; lastKnownFileType = sourcecode.swift; path = MyViewController.swift; sourceTree = "<group>"; };
		325567B42A99C6F60043D600 /* MyDetailViewController.swift */ = {isa = PBXFileReference; lastKnownFileType = sourcecode.swift; path = MyDetailViewController.swift; sourceTree = "<group>"; };
		325567B62A99C7130043D600 /* UserDetailViewController.swift */ = {isa = PBXFileReference; lastKnownFileType = sourcecode.swift; path = UserDetailViewController.swift; sourceTree = "<group>"; };
		325567B92A99C7250043D600 /* SettingViewController.swift */ = {isa = PBXFileReference; lastKnownFileType = sourcecode.swift; path = SettingViewController.swift; sourceTree = "<group>"; };
		325567BC2A99C7540043D600 /* SearchViewController.swift */ = {isa = PBXFileReference; lastKnownFileType = sourcecode.swift; path = SearchViewController.swift; sourceTree = "<group>"; };
		325567C02A99C7980043D600 /* UserSharedTableViewController.swift */ = {isa = PBXFileReference; lastKnownFileType = sourcecode.swift; path = UserSharedTableViewController.swift; sourceTree = "<group>"; };
		325567C22A99C7D30043D600 /* MyAddViewController.swift */ = {isa = PBXFileReference; lastKnownFileType = sourcecode.swift; path = MyAddViewController.swift; sourceTree = "<group>"; };
		325567C52A99C85B0043D600 /* TodoListDB_Sqlite.swift */ = {isa = PBXFileReference; lastKnownFileType = sourcecode.swift; path = TodoListDB_Sqlite.swift; sourceTree = "<group>"; };
		325567C82A99C8A10043D600 /* TodoList_Firebase.swift */ = {isa = PBXFileReference; lastKnownFileType = sourcecode.swift; path = TodoList_Firebase.swift; sourceTree = "<group>"; };
		325567CB2A99C9040043D600 /* TodoList_Sqlite.swift */ = {isa = PBXFileReference; lastKnownFileType = sourcecode.swift; path = TodoList_Sqlite.swift; sourceTree = "<group>"; };
		325567D02A99CF580043D600 /* UserData_Firebase.swift */ = {isa = PBXFileReference; lastKnownFileType = sourcecode.swift; path = UserData_Firebase.swift; sourceTree = "<group>"; };
		325567D22A99CFEB0043D600 /* UserData_Sqlite.swift */ = {isa = PBXFileReference; lastKnownFileType = sourcecode.swift; path = UserData_Sqlite.swift; sourceTree = "<group>"; };
		325567D82A9B118C0043D600 /* TodoList_Mysql.swift */ = {isa = PBXFileReference; lastKnownFileType = sourcecode.swift; path = TodoList_Mysql.swift; sourceTree = "<group>"; };
		325567DA2A9B11BC0043D600 /* UserData_Mysql.swift */ = {isa = PBXFileReference; lastKnownFileType = sourcecode.swift; path = UserData_Mysql.swift; sourceTree = "<group>"; };
		32DBD51B2A9C2F1B00015409 /* LoginViewController.swift */ = {isa = PBXFileReference; lastKnownFileType = sourcecode.swift; path = LoginViewController.swift; sourceTree = "<group>"; };
		32DBD51E2A9C2F3200015409 /* RegisterViewController.swift */ = {isa = PBXFileReference; lastKnownFileType = sourcecode.swift; path = RegisterViewController.swift; sourceTree = "<group>"; };
		32DBD5202A9C34EA00015409 /* AlertModule.swift */ = {isa = PBXFileReference; lastKnownFileType = sourcecode.swift; path = AlertModule.swift; sourceTree = "<group>"; };
		32DBD5232A9C492C00015409 /* TodoListDB_MySQL.swift */ = {isa = PBXFileReference; lastKnownFileType = sourcecode.swift; path = TodoListDB_MySQL.swift; sourceTree = "<group>"; };
		32DBD5252A9C4A4400015409 /* MySQL_JSONModel.swift */ = {isa = PBXFileReference; lastKnownFileType = sourcecode.swift; path = MySQL_JSONModel.swift; sourceTree = "<group>"; };
		32DBD5272A9C652D00015409 /* UserDataDB_MySQL.swift */ = {isa = PBXFileReference; lastKnownFileType = sourcecode.swift; path = UserDataDB_MySQL.swift; sourceTree = "<group>"; };
		32DBD5292A9C8FFD00015409 /* Message.swift */ = {isa = PBXFileReference; lastKnownFileType = sourcecode.swift; path = Message.swift; sourceTree = "<group>"; };
		32DBD52B2A9C914400015409 /* MyTableViewCell.swift */ = {isa = PBXFileReference; lastKnownFileType = sourcecode.swift; path = MyTableViewCell.swift; sourceTree = "<group>"; };
		32DBD52E2A9D1A3500015409 /* UserSharedTableViewCell.swift */ = {isa = PBXFileReference; lastKnownFileType = sourcecode.swift; path = UserSharedTableViewCell.swift; sourceTree = "<group>"; };
		32DBD5302A9D1F5900015409 /* UserTableViewCell.swift */ = {isa = PBXFileReference; lastKnownFileType = sourcecode.swift; path = UserTableViewCell.swift; sourceTree = "<group>"; };
		32DBD5352A9D82E000015409 /* SearchTableViewCell.swift */ = {isa = PBXFileReference; lastKnownFileType = sourcecode.swift; path = SearchTableViewCell.swift; sourceTree = "<group>"; };
		32DBD5372A9DA20900015409 /* MultipartImageControl.swift */ = {isa = PBXFileReference; lastKnownFileType = sourcecode.swift; path = MultipartImageControl.swift; sourceTree = "<group>"; };
		32DBD5392A9DB6F700015409 /* TodoListDB_Firebase.swift */ = {isa = PBXFileReference; lastKnownFileType = sourcecode.swift; path = TodoListDB_Firebase.swift; sourceTree = "<group>"; };
		32DBD53B2A9DB9FF00015409 /* Image_Upload_Firebase.swift */ = {isa = PBXFileReference; lastKnownFileType = sourcecode.swift; path = Image_Upload_Firebase.swift; sourceTree = "<group>"; };
/* End PBXFileReference section */

/* Begin PBXFrameworksBuildPhase section */
		325567812A99B7160043D600 /* Frameworks */ = {
			isa = PBXFrameworksBuildPhase;
			buildActionMask = 2147483647;
			files = (
				325567A72A99B9620043D600 /* FirebaseDatabase in Frameworks */,
				325567CF2A99CD160043D600 /* FirebaseStorage in Frameworks */,
				325567A52A99B9620043D600 /* FirebaseAnalytics in Frameworks */,
				325567A92A99B9620043D600 /* FirebaseFirestore in Frameworks */,
			);
			runOnlyForDeploymentPostprocessing = 0;
		};
/* End PBXFrameworksBuildPhase section */

/* Begin PBXGroup section */
		3255677B2A99B7160043D600 = {
			isa = PBXGroup;
			children = (
				325567862A99B7160043D600 /* TodoList_TripleDB */,
				325567852A99B7160043D600 /* Products */,
				325567CD2A99CD160043D600 /* Frameworks */,
			);
			sourceTree = "<group>";
		};
		325567852A99B7160043D600 /* Products */ = {
			isa = PBXGroup;
			children = (
				325567842A99B7160043D600 /* TodoList_TripleDB.app */,
			);
			name = Products;
			sourceTree = "<group>";
		};
		325567862A99B7160043D600 /* TodoList_TripleDB */ = {
			isa = PBXGroup;
			children = (
				325567AA2A99BB950043D600 /* images */,
				3255679E2A99B7E60043D600 /* Module */,
				3255679D2A99B7E10043D600 /* Model */,
				3255679C2A99B7DA0043D600 /* ViewModel */,
				3255679B2A99B7D50043D600 /* View */,
				325567872A99B7160043D600 /* AppDelegate.swift */,
				325567892A99B7160043D600 /* SceneDelegate.swift */,
				3255678D2A99B7160043D600 /* Main.storyboard */,
				325567902A99B7180043D600 /* Assets.xcassets */,
				325567922A99B7180043D600 /* LaunchScreen.storyboard */,
				325567952A99B7180043D600 /* Info.plist */,
				325567A12A99B8F70043D600 /* GoogleService-Info.plist */,
			);
			path = TodoList_TripleDB;
			sourceTree = "<group>";
		};
		3255679B2A99B7D50043D600 /* View */ = {
			isa = PBXGroup;
			children = (
				32DBD52D2A9D1A1D00015409 /* UserShare */,
				32DBD51D2A9C2F2700015409 /* Register */,
				32DBD51A2A9C2F0B00015409 /* Login */,
				325567BB2A99C7460043D600 /* Search */,
				325567B82A99C7180043D600 /* Setting */,
				325567B22A99C6DA0043D600 /* Mine */,
				325567B12A99C6D50043D600 /* User */,
			);
			path = View;
			sourceTree = "<group>";
		};
		3255679C2A99B7DA0043D600 /* ViewModel */ = {
			isa = PBXGroup;
			children = (
				32DBD5322A9D2CDC00015409 /* Firebase */,
				32DBD5222A9C491A00015409 /* MySQL */,
				325567C42A99C84A0043D600 /* SQLite */,
			);
			path = ViewModel;
			sourceTree = "<group>";
		};
		3255679D2A99B7E10043D600 /* Model */ = {
			isa = PBXGroup;
			children = (
				325567D72A9B11550043D600 /* MySQL */,
				325567CA2A99C8CA0043D600 /* Firebase */,
				325567C72A99C8900043D600 /* SQLite */,
			);
			path = Model;
			sourceTree = "<group>";
		};
		3255679E2A99B7E60043D600 /* Module */ = {
			isa = PBXGroup;
			children = (
				32DBD5202A9C34EA00015409 /* AlertModule.swift */,
				32DBD5292A9C8FFD00015409 /* Message.swift */,
				32DBD5372A9DA20900015409 /* MultipartImageControl.swift */,
			);
			path = Module;
			sourceTree = "<group>";
		};
		325567AA2A99BB950043D600 /* images */ = {
			isa = PBXGroup;
			children = (
			);
			path = images;
			sourceTree = "<group>";
		};
		325567B12A99C6D50043D600 /* User */ = {
			isa = PBXGroup;
			children = (
				325567AD2A99C2900043D600 /* UserTableViewController.swift */,
				325567B62A99C7130043D600 /* UserDetailViewController.swift */,
				32DBD5302A9D1F5900015409 /* UserTableViewCell.swift */,
			);
			path = User;
			sourceTree = "<group>";
		};
		325567B22A99C6DA0043D600 /* Mine */ = {
			isa = PBXGroup;
			children = (
				325567AB2A99C2860043D600 /* MyTableViewController.swift */,
				325567AF2A99C2BC0043D600 /* MyViewController.swift */,
				325567B42A99C6F60043D600 /* MyDetailViewController.swift */,
				325567C22A99C7D30043D600 /* MyAddViewController.swift */,
				32DBD52B2A9C914400015409 /* MyTableViewCell.swift */,
			);
			path = Mine;
			sourceTree = "<group>";
		};
		325567B82A99C7180043D600 /* Setting */ = {
			isa = PBXGroup;
			children = (
				325567B92A99C7250043D600 /* SettingViewController.swift */,
			);
			path = Setting;
			sourceTree = "<group>";
		};
		325567BB2A99C7460043D600 /* Search */ = {
			isa = PBXGroup;
			children = (
				325567BC2A99C7540043D600 /* SearchViewController.swift */,
				32DBD5352A9D82E000015409 /* SearchTableViewCell.swift */,
			);
			path = Search;
			sourceTree = "<group>";
		};
		325567C42A99C84A0043D600 /* SQLite */ = {
			isa = PBXGroup;
			children = (
				325567C52A99C85B0043D600 /* TodoListDB_Sqlite.swift */,
			);
			path = SQLite;
			sourceTree = "<group>";
		};
		325567C72A99C8900043D600 /* SQLite */ = {
			isa = PBXGroup;
			children = (
				325567CB2A99C9040043D600 /* TodoList_Sqlite.swift */,
				325567D22A99CFEB0043D600 /* UserData_Sqlite.swift */,
			);
			path = SQLite;
			sourceTree = "<group>";
		};
		325567CA2A99C8CA0043D600 /* Firebase */ = {
			isa = PBXGroup;
			children = (
				325567C82A99C8A10043D600 /* TodoList_Firebase.swift */,
				325567D02A99CF580043D600 /* UserData_Firebase.swift */,
			);
			path = Firebase;
			sourceTree = "<group>";
		};
		325567CD2A99CD160043D600 /* Frameworks */ = {
			isa = PBXGroup;
			children = (
			);
			name = Frameworks;
			sourceTree = "<group>";
		};
		325567D72A9B11550043D600 /* MySQL */ = {
			isa = PBXGroup;
			children = (
				325567D82A9B118C0043D600 /* TodoList_Mysql.swift */,
				325567DA2A9B11BC0043D600 /* UserData_Mysql.swift */,
				32DBD5252A9C4A4400015409 /* MySQL_JSONModel.swift */,
			);
			path = MySQL;
			sourceTree = "<group>";
		};
		32DBD51A2A9C2F0B00015409 /* Login */ = {
			isa = PBXGroup;
			children = (
				32DBD51B2A9C2F1B00015409 /* LoginViewController.swift */,
			);
			path = Login;
			sourceTree = "<group>";
		};
		32DBD51D2A9C2F2700015409 /* Register */ = {
			isa = PBXGroup;
			children = (
				32DBD51E2A9C2F3200015409 /* RegisterViewController.swift */,
			);
			path = Register;
			sourceTree = "<group>";
		};
		32DBD5222A9C491A00015409 /* MySQL */ = {
			isa = PBXGroup;
			children = (
				32DBD5232A9C492C00015409 /* TodoListDB_MySQL.swift */,
				32DBD5272A9C652D00015409 /* UserDataDB_MySQL.swift */,
			);
			path = MySQL;
			sourceTree = "<group>";
		};
		32DBD52D2A9D1A1D00015409 /* UserShare */ = {
			isa = PBXGroup;
			children = (
				325567C02A99C7980043D600 /* UserSharedTableViewController.swift */,
				32DBD52E2A9D1A3500015409 /* UserSharedTableViewCell.swift */,
			);
			path = UserShare;
			sourceTree = "<group>";
		};
		32DBD5322A9D2CDC00015409 /* Firebase */ = {
			isa = PBXGroup;
			children = (
				32DBD5392A9DB6F700015409 /* TodoListDB_Firebase.swift */,
				32DBD53B2A9DB9FF00015409 /* Image_Upload_Firebase.swift */,
			);
			path = Firebase;
			sourceTree = "<group>";
		};
/* End PBXGroup section */

/* Begin PBXNativeTarget section */
		325567832A99B7160043D600 /* TodoList_TripleDB */ = {
			isa = PBXNativeTarget;
			buildConfigurationList = 325567982A99B7180043D600 /* Build configuration list for PBXNativeTarget "TodoList_TripleDB" */;
			buildPhases = (
				325567802A99B7160043D600 /* Sources */,
				325567812A99B7160043D600 /* Frameworks */,
				325567822A99B7160043D600 /* Resources */,
			);
			buildRules = (
			);
			dependencies = (
			);
			name = TodoList_TripleDB;
			packageProductDependencies = (
				325567A42A99B9620043D600 /* FirebaseAnalytics */,
				325567A62A99B9620043D600 /* FirebaseDatabase */,
				325567A82A99B9620043D600 /* FirebaseFirestore */,
				325567CE2A99CD160043D600 /* FirebaseStorage */,
			);
			productName = TodoList_TripleDB;
			productReference = 325567842A99B7160043D600 /* TodoList_TripleDB.app */;
			productType = "com.apple.product-type.application";
		};
/* End PBXNativeTarget section */

/* Begin PBXProject section */
		3255677C2A99B7160043D600 /* Project object */ = {
			isa = PBXProject;
			attributes = {
				BuildIndependentTargetsInParallel = 1;
				LastSwiftUpdateCheck = 1430;
				LastUpgradeCheck = 1430;
				TargetAttributes = {
					325567832A99B7160043D600 = {
						CreatedOnToolsVersion = 14.3;
					};
				};
			};
			buildConfigurationList = 3255677F2A99B7160043D600 /* Build configuration list for PBXProject "TodoList_TripleDB" */;
			compatibilityVersion = "Xcode 14.0";
			developmentRegion = en;
			hasScannedForEncodings = 0;
			knownRegions = (
				en,
				Base,
			);
			mainGroup = 3255677B2A99B7160043D600;
			packageReferences = (
				325567A32A99B9620043D600 /* XCRemoteSwiftPackageReference "firebase-ios-sdk" */,
			);
			productRefGroup = 325567852A99B7160043D600 /* Products */;
			projectDirPath = "";
			projectRoot = "";
			targets = (
				325567832A99B7160043D600 /* TodoList_TripleDB */,
			);
		};
/* End PBXProject section */

/* Begin PBXResourcesBuildPhase section */
		325567822A99B7160043D600 /* Resources */ = {
			isa = PBXResourcesBuildPhase;
			buildActionMask = 2147483647;
			files = (
				325567942A99B7180043D600 /* LaunchScreen.storyboard in Resources */,
				325567A22A99B8F70043D600 /* GoogleService-Info.plist in Resources */,
				325567912A99B7180043D600 /* Assets.xcassets in Resources */,
				3255678F2A99B7160043D600 /* Main.storyboard in Resources */,
			);
			runOnlyForDeploymentPostprocessing = 0;
		};
/* End PBXResourcesBuildPhase section */

/* Begin PBXSourcesBuildPhase section */
		325567802A99B7160043D600 /* Sources */ = {
			isa = PBXSourcesBuildPhase;
			buildActionMask = 2147483647;
			files = (
				325567B72A99C7130043D600 /* UserDetailViewController.swift in Sources */,
				325567CC2A99C9040043D600 /* TodoList_Sqlite.swift in Sources */,
				325567D92A9B118C0043D600 /* TodoList_Mysql.swift in Sources */,
				32DBD5212A9C34EA00015409 /* AlertModule.swift in Sources */,
				325567D32A99CFEB0043D600 /* UserData_Sqlite.swift in Sources */,
				32DBD51C2A9C2F1B00015409 /* LoginViewController.swift in Sources */,
				325567882A99B7160043D600 /* AppDelegate.swift in Sources */,
				32DBD52A2A9C8FFD00015409 /* Message.swift in Sources */,
				325567C92A99C8A10043D600 /* TodoList_Firebase.swift in Sources */,
				325567C32A99C7D30043D600 /* MyAddViewController.swift in Sources */,
				32DBD5362A9D82E000015409 /* SearchTableViewCell.swift in Sources */,
				325567AC2A99C2860043D600 /* MyTableViewController.swift in Sources */,
				32DBD53A2A9DB6F700015409 /* TodoListDB_Firebase.swift in Sources */,
				32DBD5382A9DA20900015409 /* MultipartImageControl.swift in Sources */,
				325567C12A99C7980043D600 /* UserSharedTableViewController.swift in Sources */,
				325567BD2A99C7540043D600 /* SearchViewController.swift in Sources */,
				32DBD51F2A9C2F3200015409 /* RegisterViewController.swift in Sources */,
				32DBD5282A9C652D00015409 /* UserDataDB_MySQL.swift in Sources */,
				325567D12A99CF580043D600 /* UserData_Firebase.swift in Sources */,
				32DBD5312A9D1F5900015409 /* UserTableViewCell.swift in Sources */,
				32DBD5242A9C492C00015409 /* TodoListDB_MySQL.swift in Sources */,
				32DBD52F2A9D1A3500015409 /* UserSharedTableViewCell.swift in Sources */,
				32DBD5262A9C4A4400015409 /* MySQL_JSONModel.swift in Sources */,
				325567BA2A99C7250043D600 /* SettingViewController.swift in Sources */,
				32DBD52C2A9C914400015409 /* MyTableViewCell.swift in Sources */,
				325567DB2A9B11BC0043D600 /* UserData_Mysql.swift in Sources */,
				325567AE2A99C2900043D600 /* UserTableViewController.swift in Sources */,
				325567B52A99C6F60043D600 /* MyDetailViewController.swift in Sources */,
				325567B02A99C2BC0043D600 /* MyViewController.swift in Sources */,
				32DBD53C2A9DB9FF00015409 /* Image_Upload_Firebase.swift in Sources */,
				3255678A2A99B7160043D600 /* SceneDelegate.swift in Sources */,
				325567C62A99C85B0043D600 /* TodoListDB_Sqlite.swift in Sources */,
			);
			runOnlyForDeploymentPostprocessing = 0;
		};
/* End PBXSourcesBuildPhase section */

/* Begin PBXVariantGroup section */
		3255678D2A99B7160043D600 /* Main.storyboard */ = {
			isa = PBXVariantGroup;
			children = (
				3255678E2A99B7160043D600 /* Base */,
			);
			name = Main.storyboard;
			sourceTree = "<group>";
		};
		325567922A99B7180043D600 /* LaunchScreen.storyboard */ = {
			isa = PBXVariantGroup;
			children = (
				325567932A99B7180043D600 /* Base */,
			);
			name = LaunchScreen.storyboard;
			sourceTree = "<group>";
		};
/* End PBXVariantGroup section */

/* Begin XCBuildConfiguration section */
		325567962A99B7180043D600 /* Debug */ = {
			isa = XCBuildConfiguration;
			buildSettings = {
				ALWAYS_SEARCH_USER_PATHS = NO;
				CLANG_ANALYZER_NONNULL = YES;
				CLANG_ANALYZER_NUMBER_OBJECT_CONVERSION = YES_AGGRESSIVE;
				CLANG_CXX_LANGUAGE_STANDARD = "gnu++20";
				CLANG_ENABLE_MODULES = YES;
				CLANG_ENABLE_OBJC_ARC = YES;
				CLANG_ENABLE_OBJC_WEAK = YES;
				CLANG_WARN_BLOCK_CAPTURE_AUTORELEASING = YES;
				CLANG_WARN_BOOL_CONVERSION = YES;
				CLANG_WARN_COMMA = YES;
				CLANG_WARN_CONSTANT_CONVERSION = YES;
				CLANG_WARN_DEPRECATED_OBJC_IMPLEMENTATIONS = YES;
				CLANG_WARN_DIRECT_OBJC_ISA_USAGE = YES_ERROR;
				CLANG_WARN_DOCUMENTATION_COMMENTS = YES;
				CLANG_WARN_EMPTY_BODY = YES;
				CLANG_WARN_ENUM_CONVERSION = YES;
				CLANG_WARN_INFINITE_RECURSION = YES;
				CLANG_WARN_INT_CONVERSION = YES;
				CLANG_WARN_NON_LITERAL_NULL_CONVERSION = YES;
				CLANG_WARN_OBJC_IMPLICIT_RETAIN_SELF = YES;
				CLANG_WARN_OBJC_LITERAL_CONVERSION = YES;
				CLANG_WARN_OBJC_ROOT_CLASS = YES_ERROR;
				CLANG_WARN_QUOTED_INCLUDE_IN_FRAMEWORK_HEADER = YES;
				CLANG_WARN_RANGE_LOOP_ANALYSIS = YES;
				CLANG_WARN_STRICT_PROTOTYPES = YES;
				CLANG_WARN_SUSPICIOUS_MOVE = YES;
				CLANG_WARN_UNGUARDED_AVAILABILITY = YES_AGGRESSIVE;
				CLANG_WARN_UNREACHABLE_CODE = YES;
				CLANG_WARN__DUPLICATE_METHOD_MATCH = YES;
				COPY_PHASE_STRIP = NO;
				DEBUG_INFORMATION_FORMAT = dwarf;
				ENABLE_STRICT_OBJC_MSGSEND = YES;
				ENABLE_TESTABILITY = YES;
				GCC_C_LANGUAGE_STANDARD = gnu11;
				GCC_DYNAMIC_NO_PIC = NO;
				GCC_NO_COMMON_BLOCKS = YES;
				GCC_OPTIMIZATION_LEVEL = 0;
				GCC_PREPROCESSOR_DEFINITIONS = (
					"DEBUG=1",
					"$(inherited)",
				);
				GCC_WARN_64_TO_32_BIT_CONVERSION = YES;
				GCC_WARN_ABOUT_RETURN_TYPE = YES_ERROR;
				GCC_WARN_UNDECLARED_SELECTOR = YES;
				GCC_WARN_UNINITIALIZED_AUTOS = YES_AGGRESSIVE;
				GCC_WARN_UNUSED_FUNCTION = YES;
				GCC_WARN_UNUSED_VARIABLE = YES;
				IPHONEOS_DEPLOYMENT_TARGET = 16.4;
				MTL_ENABLE_DEBUG_INFO = INCLUDE_SOURCE;
				MTL_FAST_MATH = YES;
				ONLY_ACTIVE_ARCH = YES;
				SDKROOT = iphoneos;
				SWIFT_ACTIVE_COMPILATION_CONDITIONS = DEBUG;
				SWIFT_OPTIMIZATION_LEVEL = "-Onone";
			};
			name = Debug;
		};
		325567972A99B7180043D600 /* Release */ = {
			isa = XCBuildConfiguration;
			buildSettings = {
				ALWAYS_SEARCH_USER_PATHS = NO;
				CLANG_ANALYZER_NONNULL = YES;
				CLANG_ANALYZER_NUMBER_OBJECT_CONVERSION = YES_AGGRESSIVE;
				CLANG_CXX_LANGUAGE_STANDARD = "gnu++20";
				CLANG_ENABLE_MODULES = YES;
				CLANG_ENABLE_OBJC_ARC = YES;
				CLANG_ENABLE_OBJC_WEAK = YES;
				CLANG_WARN_BLOCK_CAPTURE_AUTORELEASING = YES;
				CLANG_WARN_BOOL_CONVERSION = YES;
				CLANG_WARN_COMMA = YES;
				CLANG_WARN_CONSTANT_CONVERSION = YES;
				CLANG_WARN_DEPRECATED_OBJC_IMPLEMENTATIONS = YES;
				CLANG_WARN_DIRECT_OBJC_ISA_USAGE = YES_ERROR;
				CLANG_WARN_DOCUMENTATION_COMMENTS = YES;
				CLANG_WARN_EMPTY_BODY = YES;
				CLANG_WARN_ENUM_CONVERSION = YES;
				CLANG_WARN_INFINITE_RECURSION = YES;
				CLANG_WARN_INT_CONVERSION = YES;
				CLANG_WARN_NON_LITERAL_NULL_CONVERSION = YES;
				CLANG_WARN_OBJC_IMPLICIT_RETAIN_SELF = YES;
				CLANG_WARN_OBJC_LITERAL_CONVERSION = YES;
				CLANG_WARN_OBJC_ROOT_CLASS = YES_ERROR;
				CLANG_WARN_QUOTED_INCLUDE_IN_FRAMEWORK_HEADER = YES;
				CLANG_WARN_RANGE_LOOP_ANALYSIS = YES;
				CLANG_WARN_STRICT_PROTOTYPES = YES;
				CLANG_WARN_SUSPICIOUS_MOVE = YES;
				CLANG_WARN_UNGUARDED_AVAILABILITY = YES_AGGRESSIVE;
				CLANG_WARN_UNREACHABLE_CODE = YES;
				CLANG_WARN__DUPLICATE_METHOD_MATCH = YES;
				COPY_PHASE_STRIP = NO;
				DEBUG_INFORMATION_FORMAT = "dwarf-with-dsym";
				ENABLE_NS_ASSERTIONS = NO;
				ENABLE_STRICT_OBJC_MSGSEND = YES;
				GCC_C_LANGUAGE_STANDARD = gnu11;
				GCC_NO_COMMON_BLOCKS = YES;
				GCC_WARN_64_TO_32_BIT_CONVERSION = YES;
				GCC_WARN_ABOUT_RETURN_TYPE = YES_ERROR;
				GCC_WARN_UNDECLARED_SELECTOR = YES;
				GCC_WARN_UNINITIALIZED_AUTOS = YES_AGGRESSIVE;
				GCC_WARN_UNUSED_FUNCTION = YES;
				GCC_WARN_UNUSED_VARIABLE = YES;
				IPHONEOS_DEPLOYMENT_TARGET = 16.4;
				MTL_ENABLE_DEBUG_INFO = NO;
				MTL_FAST_MATH = YES;
				SDKROOT = iphoneos;
				SWIFT_COMPILATION_MODE = wholemodule;
				SWIFT_OPTIMIZATION_LEVEL = "-O";
				VALIDATE_PRODUCT = YES;
			};
			name = Release;
		};
		325567992A99B7180043D600 /* Debug */ = {
			isa = XCBuildConfiguration;
			buildSettings = {
				ASSETCATALOG_COMPILER_APPICON_NAME = AppIcon;
				ASSETCATALOG_COMPILER_GLOBAL_ACCENT_COLOR_NAME = AccentColor;
				CODE_SIGN_STYLE = Automatic;
				CURRENT_PROJECT_VERSION = 1;
				GENERATE_INFOPLIST_FILE = YES;
				INFOPLIST_FILE = TodoList_TripleDB/Info.plist;
				INFOPLIST_KEY_UIApplicationSupportsIndirectInputEvents = YES;
				INFOPLIST_KEY_UILaunchStoryboardName = LaunchScreen;
				INFOPLIST_KEY_UIMainStoryboardFile = Main;
				INFOPLIST_KEY_UISupportedInterfaceOrientations_iPad = "UIInterfaceOrientationPortrait UIInterfaceOrientationPortraitUpsideDown UIInterfaceOrientationLandscapeLeft UIInterfaceOrientationLandscapeRight";
				INFOPLIST_KEY_UISupportedInterfaceOrientations_iPhone = "UIInterfaceOrientationPortrait UIInterfaceOrientationLandscapeLeft UIInterfaceOrientationLandscapeRight";
				LD_RUNPATH_SEARCH_PATHS = (
					"$(inherited)",
					"@executable_path/Frameworks",
				);
				MARKETING_VERSION = 1.0;
				PRODUCT_BUNDLE_IDENTIFIER = "OKRie.TodoList-TripleDB";
				PRODUCT_NAME = "$(TARGET_NAME)";
				SWIFT_EMIT_LOC_STRINGS = YES;
				SWIFT_VERSION = 5.0;
				TARGETED_DEVICE_FAMILY = 1;
			};
			name = Debug;
		};
		3255679A2A99B7180043D600 /* Release */ = {
			isa = XCBuildConfiguration;
			buildSettings = {
				ASSETCATALOG_COMPILER_APPICON_NAME = AppIcon;
				ASSETCATALOG_COMPILER_GLOBAL_ACCENT_COLOR_NAME = AccentColor;
				CODE_SIGN_STYLE = Automatic;
				CURRENT_PROJECT_VERSION = 1;
				GENERATE_INFOPLIST_FILE = YES;
				INFOPLIST_FILE = TodoList_TripleDB/Info.plist;
				INFOPLIST_KEY_UIApplicationSupportsIndirectInputEvents = YES;
				INFOPLIST_KEY_UILaunchStoryboardName = LaunchScreen;
				INFOPLIST_KEY_UIMainStoryboardFile = Main;
				INFOPLIST_KEY_UISupportedInterfaceOrientations_iPad = "UIInterfaceOrientationPortrait UIInterfaceOrientationPortraitUpsideDown UIInterfaceOrientationLandscapeLeft UIInterfaceOrientationLandscapeRight";
				INFOPLIST_KEY_UISupportedInterfaceOrientations_iPhone = "UIInterfaceOrientationPortrait UIInterfaceOrientationLandscapeLeft UIInterfaceOrientationLandscapeRight";
				LD_RUNPATH_SEARCH_PATHS = (
					"$(inherited)",
					"@executable_path/Frameworks",
				);
				MARKETING_VERSION = 1.0;
				PRODUCT_BUNDLE_IDENTIFIER = "OKRie.TodoList-TripleDB";
				PRODUCT_NAME = "$(TARGET_NAME)";
				SWIFT_EMIT_LOC_STRINGS = YES;
				SWIFT_VERSION = 5.0;
				TARGETED_DEVICE_FAMILY = 1;
			};
			name = Release;
		};
/* End XCBuildConfiguration section */

/* Begin XCConfigurationList section */
		3255677F2A99B7160043D600 /* Build configuration list for PBXProject "TodoList_TripleDB" */ = {
			isa = XCConfigurationList;
			buildConfigurations = (
				325567962A99B7180043D600 /* Debug */,
				325567972A99B7180043D600 /* Release */,
			);
			defaultConfigurationIsVisible = 0;
			defaultConfigurationName = Release;
		};
		325567982A99B7180043D600 /* Build configuration list for PBXNativeTarget "TodoList_TripleDB" */ = {
			isa = XCConfigurationList;
			buildConfigurations = (
				325567992A99B7180043D600 /* Debug */,
				3255679A2A99B7180043D600 /* Release */,
			);
			defaultConfigurationIsVisible = 0;
			defaultConfigurationName = Release;
		};
/* End XCConfigurationList section */

/* Begin XCRemoteSwiftPackageReference section */
		325567A32A99B9620043D600 /* XCRemoteSwiftPackageReference "firebase-ios-sdk" */ = {
			isa = XCRemoteSwiftPackageReference;
			repositoryURL = "https://github.com/firebase/firebase-ios-sdk";
			requirement = {
				kind = upToNextMajorVersion;
				minimumVersion = 10.0.0;
			};
		};
/* End XCRemoteSwiftPackageReference section */

/* Begin XCSwiftPackageProductDependency section */
		325567A42A99B9620043D600 /* FirebaseAnalytics */ = {
			isa = XCSwiftPackageProductDependency;
			package = 325567A32A99B9620043D600 /* XCRemoteSwiftPackageReference "firebase-ios-sdk" */;
			productName = FirebaseAnalytics;
		};
		325567A62A99B9620043D600 /* FirebaseDatabase */ = {
			isa = XCSwiftPackageProductDependency;
			package = 325567A32A99B9620043D600 /* XCRemoteSwiftPackageReference "firebase-ios-sdk" */;
			productName = FirebaseDatabase;
		};
		325567A82A99B9620043D600 /* FirebaseFirestore */ = {
			isa = XCSwiftPackageProductDependency;
			package = 325567A32A99B9620043D600 /* XCRemoteSwiftPackageReference "firebase-ios-sdk" */;
			productName = FirebaseFirestore;
		};
		325567CE2A99CD160043D600 /* FirebaseStorage */ = {
			isa = XCSwiftPackageProductDependency;
			package = 325567A32A99B9620043D600 /* XCRemoteSwiftPackageReference "firebase-ios-sdk" */;
			productName = FirebaseStorage;
		};
/* End XCSwiftPackageProductDependency section */
	};
	rootObject = 3255677C2A99B7160043D600 /* Project object */;
}
